
Microsoft Visual Studio Solution File, Format Version 12.00
# Visual Studio 15
VisualStudioVersion = 15.0.27428.2005
MinimumVisualStudioVersion = 10.0.40219.1
Project("{FAE04EC0-301F-11D3-BF4B-00C04F79EFBC}") = "VendingMachineConsoleApp", "VendingMachineConsoleApp\VendingMachineConsoleApp.csproj", "{FE336CFE-5CB7-4266-9B5D-FB24D32CF825}"
EndProject
Global
	GlobalSection(SolutionConfigurationPlatforms) = preSolution
		Debug|Any CPU = Debug|Any CPU
		Release|Any CPU = Release|Any CPU
	EndGlobalSection
	GlobalSection(ProjectConfigurationPlatforms) = postSolution
		{FE336CFE-5CB7-4266-9B5D-FB24D32CF825}.Debug|Any CPU.ActiveCfg = Debug|Any CPU
		{FE336CFE-5CB7-4266-9B5D-FB24D32CF825}.Debug|Any CPU.Build.0 = Debug|Any CPU
		{FE336CFE-5CB7-4266-9B5D-FB24D32CF825}.Release|Any CPU.ActiveCfg = Release|Any CPU
		{FE336CFE-5CB7-4266-9B5D-FB24D32CF825}.Release|Any CPU.Build.0 = Release|Any CPU
	EndGlobalSection
	GlobalSection(SolutionProperties) = preSolution
		HideSolutionNode = FALSE
	EndGlobalSection
	GlobalSection(ExtensibilityGlobals) = postSolution
		SolutionGuid = {44E8AF22-56C2-449B-85E0-998414A1F480}
	EndGlobalSection
EndGlobal
